
Microsoft Visual Studio Solution File, Format Version 12.00
# Visual Studio Version 16
VisualStudioVersion = 16.0.28917.182
MinimumVisualStudioVersion = 10.0.40219.1
Project("{FAE04EC0-301F-11D3-BF4B-00C04F79EFBC}") = "DBFirstSample", "DBFirstSample\DBFirstSample.csproj", "{7FB222AB-A55D-4E07-B4DF-A59B0818C529}"
EndProject
Global
	GlobalSection(SolutionConfigurationPlatforms) = preSolution
		Debug|Any CPU = Debug|Any CPU
		Release|Any CPU = Release|Any CPU
	EndGlobalSection
	GlobalSection(ProjectConfigurationPlatforms) = postSolution
		{7FB222AB-A55D-4E07-B4DF-A59B0818C529}.Debug|Any CPU.ActiveCfg = Debug|Any CPU
		{7FB222AB-A55D-4E07-B4DF-A59B0818C529}.Debug|Any CPU.Build.0 = Debug|Any CPU
		{7FB222AB-A55D-4E07-B4DF-A59B0818C529}.Release|Any CPU.ActiveCfg = Release|Any CPU
		{7FB222AB-A55D-4E07-B4DF-A59B0818C529}.Release|Any CPU.Build.0 = Release|Any CPU
	EndGlobalSection
	GlobalSection(SolutionProperties) = preSolution
		HideSolutionNode = FALSE
	EndGlobalSection
	GlobalSection(ExtensibilityGlobals) = postSolution
		SolutionGuid = {BEF47A9C-4B99-4191-8B6A-56CA9CC3E6D6}
	EndGlobalSection
EndGlobal
