
Microsoft Visual Studio Solution File, Format Version 12.00
# Visual Studio Version 16
VisualStudioVersion = 16.0.28917.182
MinimumVisualStudioVersion = 10.0.40219.1
Project("{FAE04EC0-301F-11D3-BF4B-00C04F79EFBC}") = "IndexesAndRanges", "IndexesAndRanges\IndexesAndRanges.csproj", "{27A02FE5-9B89-4BE0-A36E-17C24A5C829B}"
EndProject
Global
	GlobalSection(SolutionConfigurationPlatforms) = preSolution
		Debug|Any CPU = Debug|Any CPU
		Release|Any CPU = Release|Any CPU
	EndGlobalSection
	GlobalSection(ProjectConfigurationPlatforms) = postSolution
		{27A02FE5-9B89-4BE0-A36E-17C24A5C829B}.Debug|Any CPU.ActiveCfg = Debug|Any CPU
		{27A02FE5-9B89-4BE0-A36E-17C24A5C829B}.Debug|Any CPU.Build.0 = Debug|Any CPU
		{27A02FE5-9B89-4BE0-A36E-17C24A5C829B}.Release|Any CPU.ActiveCfg = Release|Any CPU
		{27A02FE5-9B89-4BE0-A36E-17C24A5C829B}.Release|Any CPU.Build.0 = Release|Any CPU
	EndGlobalSection
	GlobalSection(SolutionProperties) = preSolution
		HideSolutionNode = FALSE
	EndGlobalSection
	GlobalSection(ExtensibilityGlobals) = postSolution
		SolutionGuid = {2DEEB2F1-90E6-4BB1-B7F4-531CE537F222}
	EndGlobalSection
EndGlobal
